
Microsoft Visual Studio Solution File, Format Version 12.00
# Visual Studio Version 17
VisualStudioVersion = 17.2.32526.322
MinimumVisualStudioVersion = 10.0.40219.1
Project("{9A19103F-16F7-4668-BE54-9A1E7A4F7556}") = "MyLabraryProject", "MyLabraryProject.csproj", "{36A21EC0-5279-4CA1-9D1C-6EF865ECF754}"
EndProject
Global
	GlobalSection(SolutionConfigurationPlatforms) = preSolution
		Debug|Any CPU = Debug|Any CPU
		Release|Any CPU = Release|Any CPU
	EndGlobalSection
	GlobalSection(ProjectConfigurationPlatforms) = postSolution
		{36A21EC0-5279-4CA1-9D1C-6EF865ECF754}.Debug|Any CPU.ActiveCfg = Debug|Any CPU
		{36A21EC0-5279-4CA1-9D1C-6EF865ECF754}.Debug|Any CPU.Build.0 = Debug|Any CPU
		{36A21EC0-5279-4CA1-9D1C-6EF865ECF754}.Release|Any CPU.ActiveCfg = Release|Any CPU
		{36A21EC0-5279-4CA1-9D1C-6EF865ECF754}.Release|Any CPU.Build.0 = Release|Any CPU
	EndGlobalSection
	GlobalSection(SolutionProperties) = preSolution
		HideSolutionNode = FALSE
	EndGlobalSection
	GlobalSection(ExtensibilityGlobals) = postSolution
		SolutionGuid = {50EE95ED-343E-4C0C-BF3E-529C60FB2B1A}
	EndGlobalSection
EndGlobal
